
Microsoft Visual Studio Solution File, Format Version 12.00
# Visual Studio Version 16
VisualStudioVersion = 16.0.31112.23
MinimumVisualStudioVersion = 10.0.40219.1
Project("{9A19103F-16F7-4668-BE54-9A1E7A4F7556}") = "Universidades", "Universidades\Universidades.csproj", "{805A1B38-EA0C-41C0-9481-5E0E323FAC5B}"
EndProject
Global
	GlobalSection(SolutionConfigurationPlatforms) = preSolution
		Debug|Any CPU = Debug|Any CPU
		Release|Any CPU = Release|Any CPU
	EndGlobalSection
	GlobalSection(ProjectConfigurationPlatforms) = postSolution
		{805A1B38-EA0C-41C0-9481-5E0E323FAC5B}.Debug|Any CPU.ActiveCfg = Debug|Any CPU
		{805A1B38-EA0C-41C0-9481-5E0E323FAC5B}.Debug|Any CPU.Build.0 = Debug|Any CPU
		{805A1B38-EA0C-41C0-9481-5E0E323FAC5B}.Release|Any CPU.ActiveCfg = Release|Any CPU
		{805A1B38-EA0C-41C0-9481-5E0E323FAC5B}.Release|Any CPU.Build.0 = Release|Any CPU
	EndGlobalSection
	GlobalSection(SolutionProperties) = preSolution
		HideSolutionNode = FALSE
	EndGlobalSection
	GlobalSection(ExtensibilityGlobals) = postSolution
		SolutionGuid = {DCF465D0-55AB-4A72-A70B-E3EE6C90C53B}
	EndGlobalSection
EndGlobal
